
Microsoft Visual Studio Solution File, Format Version 12.00
# Visual Studio 15
VisualStudioVersion = 15.0.27703.2035
MinimumVisualStudioVersion = 10.0.40219.1
Project("{C7167F0D-BC9F-4E6E-AFE1-012C56B48DB5}") = "Clipboards", "Clipboards\Clipboards.wapproj", "{908BF694-7BFC-4941-8A88-2367DEE81FA9}"
EndProject
Project("{FAE04EC0-301F-11D3-BF4B-00C04F79EFBC}") = "WpfService", "WpfService\WpfService.csproj", "{38EC6B50-7B98-49C7-AC36-78C859111A22}"
EndProject
Project("{2150E333-8FDC-42A3-9474-1A3956D46DE8}") = "XJK.Lib", "XJK.Lib", "{4EEA6E9A-9D5C-47FB-AC27-6039FBFC9C73}"
EndProject
Project("{9A19103F-16F7-4668-BE54-9A1E7A4F7556}") = "Common", "..\XJKdotNetLibrary\Common\Common.csproj", "{59101C58-4917-4337-9E80-95CB9E45E200}"
EndProject
Project("{FAE04EC0-301F-11D3-BF4B-00C04F79EFBC}") = "WPF", "..\XJKdotNetLibrary\dotNetFramework\WPF\WPF.csproj", "{E91D5857-D99B-4825-BAE8-5CF06C706A3D}"
EndProject
Project("{9A19103F-16F7-4668-BE54-9A1E7A4F7556}") = "DataModel", "DataModel\DataModel.csproj", "{045F7BA5-1A37-4845-B171-99ABCAB05D44}"
EndProject
Project("{9A19103F-16F7-4668-BE54-9A1E7A4F7556}") = "AOP", "..\XJKdotNetLibrary\AOP\AOP.csproj", "{7F1185C6-C51E-4292-A5F1-C9EEBF8D17A4}"
EndProject
Project("{9A19103F-16F7-4668-BE54-9A1E7A4F7556}") = "Network", "..\XJKdotNetLibrary\Network\Network.csproj", "{F192BA6D-A1BA-4BB1-A92C-B41FBE0475FF}"
EndProject
Project("{FAE04EC0-301F-11D3-BF4B-00C04F79EFBC}") = "UwpUI", "UwpUI\UwpUI.csproj", "{DDD46D10-844A-4362-9FD5-900561FF608C}"
EndProject
Global
	GlobalSection(SolutionConfigurationPlatforms) = preSolution
		Debug|Any CPU = Debug|Any CPU
		Debug|ARM = Debug|ARM
		Debug|x64 = Debug|x64
		Debug|x86 = Debug|x86
		Release|Any CPU = Release|Any CPU
		Release|ARM = Release|ARM
		Release|x64 = Release|x64
		Release|x86 = Release|x86
	EndGlobalSection
	GlobalSection(ProjectConfigurationPlatforms) = postSolution
		{908BF694-7BFC-4941-8A88-2367DEE81FA9}.Debug|Any CPU.ActiveCfg = Debug|Any CPU
		{908BF694-7BFC-4941-8A88-2367DEE81FA9}.Debug|Any CPU.Build.0 = Debug|Any CPU
		{908BF694-7BFC-4941-8A88-2367DEE81FA9}.Debug|Any CPU.Deploy.0 = Debug|Any CPU
		{908BF694-7BFC-4941-8A88-2367DEE81FA9}.Debug|ARM.ActiveCfg = Debug|Any CPU
		{908BF694-7BFC-4941-8A88-2367DEE81FA9}.Debug|ARM.Build.0 = Debug|Any CPU
		{908BF694-7BFC-4941-8A88-2367DEE81FA9}.Debug|ARM.Deploy.0 = Debug|Any CPU
		{908BF694-7BFC-4941-8A88-2367DEE81FA9}.Debug|x64.ActiveCfg = Debug|x64
		{908BF694-7BFC-4941-8A88-2367DEE81FA9}.Debug|x64.Build.0 = Debug|x64
		{908BF694-7BFC-4941-8A88-2367DEE81FA9}.Debug|x64.Deploy.0 = Debug|x64
		{908BF694-7BFC-4941-8A88-2367DEE81FA9}.Debug|x86.ActiveCfg = Debug|x86
		{908BF694-7BFC-4941-8A88-2367DEE81FA9}.Debug|x86.Build.0 = Debug|x86
		{908BF694-7BFC-4941-8A88-2367DEE81FA9}.Debug|x86.Deploy.0 = Debug|x86
		{908BF694-7BFC-4941-8A88-2367DEE81FA9}.Release|Any CPU.ActiveCfg = Release|Any CPU
		{908BF694-7BFC-4941-8A88-2367DEE81FA9}.Release|Any CPU.Build.0 = Release|Any CPU
		{908BF694-7BFC-4941-8A88-2367DEE81FA9}.Release|Any CPU.Deploy.0 = Release|Any CPU
		{908BF694-7BFC-4941-8A88-2367DEE81FA9}.Release|ARM.ActiveCfg = Release|Any CPU
		{908BF694-7BFC-4941-8A88-2367DEE81FA9}.Release|ARM.Build.0 = Release|Any CPU
		{908BF694-7BFC-4941-8A88-2367DEE81FA9}.Release|ARM.Deploy.0 = Release|Any CPU
		{908BF694-7BFC-4941-8A88-2367DEE81FA9}.Release|x64.ActiveCfg = Release|x64
		{908BF694-7BFC-4941-8A88-2367DEE81FA9}.Release|x64.Build.0 = Release|x64
		{908BF694-7BFC-4941-8A88-2367DEE81FA9}.Release|x64.Deploy.0 = Release|x64
		{908BF694-7BFC-4941-8A88-2367DEE81FA9}.Release|x86.ActiveCfg = Release|x86
		{908BF694-7BFC-4941-8A88-2367DEE81FA9}.Release|x86.Build.0 = Release|x86
		{908BF694-7BFC-4941-8A88-2367DEE81FA9}.Release|x86.Deploy.0 = Release|x86
		{38EC6B50-7B98-49C7-AC36-78C859111A22}.Debug|Any CPU.ActiveCfg = Debug|Any CPU
		{38EC6B50-7B98-49C7-AC36-78C859111A22}.Debug|Any CPU.Build.0 = Debug|Any CPU
		{38EC6B50-7B98-49C7-AC36-78C859111A22}.Debug|ARM.ActiveCfg = Debug|Any CPU
		{38EC6B50-7B98-49C7-AC36-78C859111A22}.Debug|ARM.Build.0 = Debug|Any CPU
		{38EC6B50-7B98-49C7-AC36-78C859111A22}.Debug|x64.ActiveCfg = Debug|x64
		{38EC6B50-7B98-49C7-AC36-78C859111A22}.Debug|x64.Build.0 = Debug|x64
		{38EC6B50-7B98-49C7-AC36-78C859111A22}.Debug|x86.ActiveCfg = Debug|x86
		{38EC6B50-7B98-49C7-AC36-78C859111A22}.Debug|x86.Build.0 = Debug|x86
		{38EC6B50-7B98-49C7-AC36-78C859111A22}.Release|Any CPU.ActiveCfg = Release|Any CPU
		{38EC6B50-7B98-49C7-AC36-78C859111A22}.Release|Any CPU.Build.0 = Release|Any CPU
		{38EC6B50-7B98-49C7-AC36-78C859111A22}.Release|ARM.ActiveCfg = Release|Any CPU
		{38EC6B50-7B98-49C7-AC36-78C859111A22}.Release|ARM.Build.0 = Release|Any CPU
		{38EC6B50-7B98-49C7-AC36-78C859111A22}.Release|x64.ActiveCfg = Release|x64
		{38EC6B50-7B98-49C7-AC36-78C859111A22}.Release|x64.Build.0 = Release|x64
		{38EC6B50-7B98-49C7-AC36-78C859111A22}.Release|x86.ActiveCfg = Release|x86
		{38EC6B50-7B98-49C7-AC36-78C859111A22}.Release|x86.Build.0 = Release|x86
		{59101C58-4917-4337-9E80-95CB9E45E200}.Debug|Any CPU.ActiveCfg = Debug|Any CPU
		{59101C58-4917-4337-9E80-95CB9E45E200}.Debug|Any CPU.Build.0 = Debug|Any CPU
		{59101C58-4917-4337-9E80-95CB9E45E200}.Debug|ARM.ActiveCfg = Debug|Any CPU
		{59101C58-4917-4337-9E80-95CB9E45E200}.Debug|ARM.Build.0 = Debug|Any CPU
		{59101C58-4917-4337-9E80-95CB9E45E200}.Debug|x64.ActiveCfg = Debug|x64
		{59101C58-4917-4337-9E80-95CB9E45E200}.Debug|x64.Build.0 = Debug|x64
		{59101C58-4917-4337-9E80-95CB9E45E200}.Debug|x86.ActiveCfg = Debug|x86
		{59101C58-4917-4337-9E80-95CB9E45E200}.Debug|x86.Build.0 = Debug|x86
		{59101C58-4917-4337-9E80-95CB9E45E200}.Release|Any CPU.ActiveCfg = Release|Any CPU
		{59101C58-4917-4337-9E80-95CB9E45E200}.Release|Any CPU.Build.0 = Release|Any CPU
		{59101C58-4917-4337-9E80-95CB9E45E200}.Release|ARM.ActiveCfg = Release|Any CPU
		{59101C58-4917-4337-9E80-95CB9E45E200}.Release|ARM.Build.0 = Release|Any CPU
		{59101C58-4917-4337-9E80-95CB9E45E200}.Release|x64.ActiveCfg = Release|x64
		{59101C58-4917-4337-9E80-95CB9E45E200}.Release|x64.Build.0 = Release|x64
		{59101C58-4917-4337-9E80-95CB9E45E200}.Release|x86.ActiveCfg = Release|x86
		{59101C58-4917-4337-9E80-95CB9E45E200}.Release|x86.Build.0 = Release|x86
		{E91D5857-D99B-4825-BAE8-5CF06C706A3D}.Debug|Any CPU.ActiveCfg = Debug|Any CPU
		{E91D5857-D99B-4825-BAE8-5CF06C706A3D}.Debug|Any CPU.Build.0 = Debug|Any CPU
		{E91D5857-D99B-4825-BAE8-5CF06C706A3D}.Debug|ARM.ActiveCfg = Debug|Any CPU
		{E91D5857-D99B-4825-BAE8-5CF06C706A3D}.Debug|ARM.Build.0 = Debug|Any CPU
		{E91D5857-D99B-4825-BAE8-5CF06C706A3D}.Debug|x64.ActiveCfg = Debug|x64
		{E91D5857-D99B-4825-BAE8-5CF06C706A3D}.Debug|x64.Build.0 = Debug|x64
		{E91D5857-D99B-4825-BAE8-5CF06C706A3D}.Debug|x86.ActiveCfg = Debug|x86
		{E91D5857-D99B-4825-BAE8-5CF06C706A3D}.Debug|x86.Build.0 = Debug|x86
		{E91D5857-D99B-4825-BAE8-5CF06C706A3D}.Release|Any CPU.ActiveCfg = Release|Any CPU
		{E91D5857-D99B-4825-BAE8-5CF06C706A3D}.Release|Any CPU.Build.0 = Release|Any CPU
		{E91D5857-D99B-4825-BAE8-5CF06C706A3D}.Release|ARM.ActiveCfg = Release|Any CPU
		{E91D5857-D99B-4825-BAE8-5CF06C706A3D}.Release|ARM.Build.0 = Release|Any CPU
		{E91D5857-D99B-4825-BAE8-5CF06C706A3D}.Release|x64.ActiveCfg = Release|x64
		{E91D5857-D99B-4825-BAE8-5CF06C706A3D}.Release|x64.Build.0 = Release|x64
		{E91D5857-D99B-4825-BAE8-5CF06C706A3D}.Release|x86.ActiveCfg = Release|x86
		{E91D5857-D99B-4825-BAE8-5CF06C706A3D}.Release|x86.Build.0 = Release|x86
		{045F7BA5-1A37-4845-B171-99ABCAB05D44}.Debug|Any CPU.ActiveCfg = Debug|Any CPU
		{045F7BA5-1A37-4845-B171-99ABCAB05D44}.Debug|Any CPU.Build.0 = Debug|Any CPU
		{045F7BA5-1A37-4845-B171-99ABCAB05D44}.Debug|ARM.ActiveCfg = Debug|Any CPU
		{045F7BA5-1A37-4845-B171-99ABCAB05D44}.Debug|ARM.Build.0 = Debug|Any CPU
		{045F7BA5-1A37-4845-B171-99ABCAB05D44}.Debug|x64.ActiveCfg = Debug|x64
		{045F7BA5-1A37-4845-B171-99ABCAB05D44}.Debug|x64.Build.0 = Debug|x64
		{045F7BA5-1A37-4845-B171-99ABCAB05D44}.Debug|x86.ActiveCfg = Debug|x86
		{045F7BA5-1A37-4845-B171-99ABCAB05D44}.Debug|x86.Build.0 = Debug|x86
		{045F7BA5-1A37-4845-B171-99ABCAB05D44}.Release|Any CPU.ActiveCfg = Release|Any CPU
		{045F7BA5-1A37-4845-B171-99ABCAB05D44}.Release|Any CPU.Build.0 = Release|Any CPU
		{045F7BA5-1A37-4845-B171-99ABCAB05D44}.Release|ARM.ActiveCfg = Release|Any CPU
		{045F7BA5-1A37-4845-B171-99ABCAB05D44}.Release|ARM.Build.0 = Release|Any CPU
		{045F7BA5-1A37-4845-B171-99ABCAB05D44}.Release|x64.ActiveCfg = Release|x64
		{045F7BA5-1A37-4845-B171-99ABCAB05D44}.Release|x64.Build.0 = Release|x64
		{045F7BA5-1A37-4845-B171-99ABCAB05D44}.Release|x86.ActiveCfg = Release|x86
		{045F7BA5-1A37-4845-B171-99ABCAB05D44}.Release|x86.Build.0 = Release|x86
		{7F1185C6-C51E-4292-A5F1-C9EEBF8D17A4}.Debug|Any CPU.ActiveCfg = Debug|Any CPU
		{7F1185C6-C51E-4292-A5F1-C9EEBF8D17A4}.Debug|Any CPU.Build.0 = Debug|Any CPU
		{7F1185C6-C51E-4292-A5F1-C9EEBF8D17A4}.Debug|ARM.ActiveCfg = Debug|Any CPU
		{7F1185C6-C51E-4292-A5F1-C9EEBF8D17A4}.Debug|ARM.Build.0 = Debug|Any CPU
		{7F1185C6-C51E-4292-A5F1-C9EEBF8D17A4}.Debug|x64.ActiveCfg = Debug|x64
		{7F1185C6-C51E-4292-A5F1-C9EEBF8D17A4}.Debug|x64.Build.0 = Debug|x64
		{7F1185C6-C51E-4292-A5F1-C9EEBF8D17A4}.Debug|x86.ActiveCfg = Debug|x86
		{7F1185C6-C51E-4292-A5F1-C9EEBF8D17A4}.Debug|x86.Build.0 = Debug|x86
		{7F1185C6-C51E-4292-A5F1-C9EEBF8D17A4}.Release|Any CPU.ActiveCfg = Release|Any CPU
		{7F1185C6-C51E-4292-A5F1-C9EEBF8D17A4}.Release|Any CPU.Build.0 = Release|Any CPU
		{7F1185C6-C51E-4292-A5F1-C9EEBF8D17A4}.Release|ARM.ActiveCfg = Release|Any CPU
		{7F1185C6-C51E-4292-A5F1-C9EEBF8D17A4}.Release|ARM.Build.0 = Release|Any CPU
		{7F1185C6-C51E-4292-A5F1-C9EEBF8D17A4}.Release|x64.ActiveCfg = Release|x64
		{7F1185C6-C51E-4292-A5F1-C9EEBF8D17A4}.Release|x64.Build.0 = Release|x64
		{7F1185C6-C51E-4292-A5F1-C9EEBF8D17A4}.Release|x86.ActiveCfg = Release|x86
		{7F1185C6-C51E-4292-A5F1-C9EEBF8D17A4}.Release|x86.Build.0 = Release|x86
		{F192BA6D-A1BA-4BB1-A92C-B41FBE0475FF}.Debug|Any CPU.ActiveCfg = Debug|Any CPU
		{F192BA6D-A1BA-4BB1-A92C-B41FBE0475FF}.Debug|Any CPU.Build.0 = Debug|Any CPU
		{F192BA6D-A1BA-4BB1-A92C-B41FBE0475FF}.Debug|ARM.ActiveCfg = Debug|Any CPU
		{F192BA6D-A1BA-4BB1-A92C-B41FBE0475FF}.Debug|ARM.Build.0 = Debug|Any CPU
		{F192BA6D-A1BA-4BB1-A92C-B41FBE0475FF}.Debug|x64.ActiveCfg = Debug|x64
		{F192BA6D-A1BA-4BB1-A92C-B41FBE0475FF}.Debug|x64.Build.0 = Debug|x64
		{F192BA6D-A1BA-4BB1-A92C-B41FBE0475FF}.Debug|x86.ActiveCfg = Debug|x86
		{F192BA6D-A1BA-4BB1-A92C-B41FBE0475FF}.Debug|x86.Build.0 = Debug|x86
		{F192BA6D-A1BA-4BB1-A92C-B41FBE0475FF}.Release|Any CPU.ActiveCfg = Release|Any CPU
		{F192BA6D-A1BA-4BB1-A92C-B41FBE0475FF}.Release|Any CPU.Build.0 = Release|Any CPU
		{F192BA6D-A1BA-4BB1-A92C-B41FBE0475FF}.Release|ARM.ActiveCfg = Release|Any CPU
		{F192BA6D-A1BA-4BB1-A92C-B41FBE0475FF}.Release|ARM.Build.0 = Release|Any CPU
		{F192BA6D-A1BA-4BB1-A92C-B41FBE0475FF}.Release|x64.ActiveCfg = Release|x64
		{F192BA6D-A1BA-4BB1-A92C-B41FBE0475FF}.Release|x64.Build.0 = Release|x64
		{F192BA6D-A1BA-4BB1-A92C-B41FBE0475FF}.Release|x86.ActiveCfg = Release|x86
		{F192BA6D-A1BA-4BB1-A92C-B41FBE0475FF}.Release|x86.Build.0 = Release|x86
		{DDD46D10-844A-4362-9FD5-900561FF608C}.Debug|Any CPU.ActiveCfg = Debug|x86
		{DDD46D10-844A-4362-9FD5-900561FF608C}.Debug|ARM.ActiveCfg = Debug|ARM
		{DDD46D10-844A-4362-9FD5-900561FF608C}.Debug|ARM.Build.0 = Debug|ARM
		{DDD46D10-844A-4362-9FD5-900561FF608C}.Debug|ARM.Deploy.0 = Debug|ARM
		{DDD46D10-844A-4362-9FD5-900561FF608C}.Debug|x64.ActiveCfg = Debug|x64
		{DDD46D10-844A-4362-9FD5-900561FF608C}.Debug|x64.Build.0 = Debug|x64
		{DDD46D10-844A-4362-9FD5-900561FF608C}.Debug|x64.Deploy.0 = Debug|x64
		{DDD46D10-844A-4362-9FD5-900561FF608C}.Debug|x86.ActiveCfg = Debug|x86
		{DDD46D10-844A-4362-9FD5-900561FF608C}.Debug|x86.Build.0 = Debug|x86
		{DDD46D10-844A-4362-9FD5-900561FF608C}.Release|Any CPU.ActiveCfg = Release|x86
		{DDD46D10-844A-4362-9FD5-900561FF608C}.Release|ARM.ActiveCfg = Release|ARM
		{DDD46D10-844A-4362-9FD5-900561FF608C}.Release|ARM.Build.0 = Release|ARM
		{DDD46D10-844A-4362-9FD5-900561FF608C}.Release|ARM.Deploy.0 = Release|ARM
		{DDD46D10-844A-4362-9FD5-900561FF608C}.Release|x64.ActiveCfg = Release|x64
		{DDD46D10-844A-4362-9FD5-900561FF608C}.Release|x64.Build.0 = Release|x64
		{DDD46D10-844A-4362-9FD5-900561FF608C}.Release|x86.ActiveCfg = Release|x86
		{DDD46D10-844A-4362-9FD5-900561FF608C}.Release|x86.Build.0 = Release|x86
	EndGlobalSection
	GlobalSection(SolutionProperties) = preSolution
		HideSolutionNode = FALSE
	EndGlobalSection
	GlobalSection(NestedProjects) = preSolution
		{59101C58-4917-4337-9E80-95CB9E45E200} = {4EEA6E9A-9D5C-47FB-AC27-6039FBFC9C73}
		{E91D5857-D99B-4825-BAE8-5CF06C706A3D} = {4EEA6E9A-9D5C-47FB-AC27-6039FBFC9C73}
		{F192BA6D-A1BA-4BB1-A92C-B41FBE0475FF} = {4EEA6E9A-9D5C-47FB-AC27-6039FBFC9C73}
	EndGlobalSection
	GlobalSection(ExtensibilityGlobals) = postSolution
		SolutionGuid = {ABF416AC-6B54-4D2F-8535-98371BB1D99A}
	EndGlobalSection
EndGlobal
