
Microsoft Visual Studio Solution File, Format Version 12.00
# Visual Studio 15
VisualStudioVersion = 15.0.27703.2018
MinimumVisualStudioVersion = 10.0.40219.1
Project("{FAE04EC0-301F-11D3-BF4B-00C04F79EFBC}") = "UWPUI", "UWPUI\UWPUI.csproj", "{6E1AA32B-573A-46DC-BC68-59C0701953BA}"
EndProject
Project("{FAE04EC0-301F-11D3-BF4B-00C04F79EFBC}") = "WpfBackground", "WpfBackground\WpfBackground.csproj", "{8635C642-3A16-4E14-8619-953D7E64600E}"
EndProject
Project("{C7167F0D-BC9F-4E6E-AFE1-012C56B48DB5}") = "Clipboards", "Clipboards\Clipboards.wapproj", "{9903104B-B310-4F00-A055-66C0FC376367}"
EndProject
Project("{9A19103F-16F7-4668-BE54-9A1E7A4F7556}") = "DataModel", "DataModel\DataModel.csproj", "{667E86AC-4249-4953-8334-7747746769ED}"
EndProject
Project("{9A19103F-16F7-4668-BE54-9A1E7A4F7556}") = "Common", "Common\Common\Common.csproj", "{3DCC2108-7ABE-4C3D-91B4-5E2542071999}"
EndProject
Global
	GlobalSection(SolutionConfigurationPlatforms) = preSolution
		Debug|Any CPU = Debug|Any CPU
		Debug|x64 = Debug|x64
		Debug|x86 = Debug|x86
		Release|Any CPU = Release|Any CPU
		Release|x64 = Release|x64
		Release|x86 = Release|x86
	EndGlobalSection
	GlobalSection(ProjectConfigurationPlatforms) = postSolution
		{6E1AA32B-573A-46DC-BC68-59C0701953BA}.Debug|Any CPU.ActiveCfg = Debug|x86
		{6E1AA32B-573A-46DC-BC68-59C0701953BA}.Debug|x64.ActiveCfg = Debug|x64
		{6E1AA32B-573A-46DC-BC68-59C0701953BA}.Debug|x64.Build.0 = Debug|x64
		{6E1AA32B-573A-46DC-BC68-59C0701953BA}.Debug|x86.ActiveCfg = Debug|x86
		{6E1AA32B-573A-46DC-BC68-59C0701953BA}.Debug|x86.Build.0 = Debug|x86
		{6E1AA32B-573A-46DC-BC68-59C0701953BA}.Debug|x86.Deploy.0 = Debug|x86
		{6E1AA32B-573A-46DC-BC68-59C0701953BA}.Release|Any CPU.ActiveCfg = Release|x86
		{6E1AA32B-573A-46DC-BC68-59C0701953BA}.Release|x64.ActiveCfg = Release|x64
		{6E1AA32B-573A-46DC-BC68-59C0701953BA}.Release|x64.Build.0 = Release|x64
		{6E1AA32B-573A-46DC-BC68-59C0701953BA}.Release|x86.ActiveCfg = Release|x86
		{6E1AA32B-573A-46DC-BC68-59C0701953BA}.Release|x86.Build.0 = Release|x86
		{6E1AA32B-573A-46DC-BC68-59C0701953BA}.Release|x86.Deploy.0 = Release|x86
		{8635C642-3A16-4E14-8619-953D7E64600E}.Debug|Any CPU.ActiveCfg = Debug|Any CPU
		{8635C642-3A16-4E14-8619-953D7E64600E}.Debug|Any CPU.Build.0 = Debug|Any CPU
		{8635C642-3A16-4E14-8619-953D7E64600E}.Debug|x64.ActiveCfg = Debug|Any CPU
		{8635C642-3A16-4E14-8619-953D7E64600E}.Debug|x64.Build.0 = Debug|Any CPU
		{8635C642-3A16-4E14-8619-953D7E64600E}.Debug|x86.ActiveCfg = Debug|Any CPU
		{8635C642-3A16-4E14-8619-953D7E64600E}.Debug|x86.Build.0 = Debug|Any CPU
		{8635C642-3A16-4E14-8619-953D7E64600E}.Release|Any CPU.ActiveCfg = Release|Any CPU
		{8635C642-3A16-4E14-8619-953D7E64600E}.Release|Any CPU.Build.0 = Release|Any CPU
		{8635C642-3A16-4E14-8619-953D7E64600E}.Release|x64.ActiveCfg = Release|Any CPU
		{8635C642-3A16-4E14-8619-953D7E64600E}.Release|x64.Build.0 = Release|Any CPU
		{8635C642-3A16-4E14-8619-953D7E64600E}.Release|x86.ActiveCfg = Release|Any CPU
		{8635C642-3A16-4E14-8619-953D7E64600E}.Release|x86.Build.0 = Release|Any CPU
		{9903104B-B310-4F00-A055-66C0FC376367}.Debug|Any CPU.ActiveCfg = Debug|Any CPU
		{9903104B-B310-4F00-A055-66C0FC376367}.Debug|Any CPU.Build.0 = Debug|Any CPU
		{9903104B-B310-4F00-A055-66C0FC376367}.Debug|Any CPU.Deploy.0 = Debug|Any CPU
		{9903104B-B310-4F00-A055-66C0FC376367}.Debug|x64.ActiveCfg = Debug|x64
		{9903104B-B310-4F00-A055-66C0FC376367}.Debug|x64.Build.0 = Debug|x64
		{9903104B-B310-4F00-A055-66C0FC376367}.Debug|x64.Deploy.0 = Debug|x64
		{9903104B-B310-4F00-A055-66C0FC376367}.Debug|x86.ActiveCfg = Debug|x86
		{9903104B-B310-4F00-A055-66C0FC376367}.Debug|x86.Build.0 = Debug|x86
		{9903104B-B310-4F00-A055-66C0FC376367}.Debug|x86.Deploy.0 = Debug|x86
		{9903104B-B310-4F00-A055-66C0FC376367}.Release|Any CPU.ActiveCfg = Release|Any CPU
		{9903104B-B310-4F00-A055-66C0FC376367}.Release|Any CPU.Build.0 = Release|Any CPU
		{9903104B-B310-4F00-A055-66C0FC376367}.Release|Any CPU.Deploy.0 = Release|Any CPU
		{9903104B-B310-4F00-A055-66C0FC376367}.Release|x64.ActiveCfg = Release|x64
		{9903104B-B310-4F00-A055-66C0FC376367}.Release|x64.Build.0 = Release|x64
		{9903104B-B310-4F00-A055-66C0FC376367}.Release|x64.Deploy.0 = Release|x64
		{9903104B-B310-4F00-A055-66C0FC376367}.Release|x86.ActiveCfg = Release|x86
		{9903104B-B310-4F00-A055-66C0FC376367}.Release|x86.Build.0 = Release|x86
		{9903104B-B310-4F00-A055-66C0FC376367}.Release|x86.Deploy.0 = Release|x86
		{667E86AC-4249-4953-8334-7747746769ED}.Debug|Any CPU.ActiveCfg = Debug|Any CPU
		{667E86AC-4249-4953-8334-7747746769ED}.Debug|Any CPU.Build.0 = Debug|Any CPU
		{667E86AC-4249-4953-8334-7747746769ED}.Debug|x64.ActiveCfg = Debug|Any CPU
		{667E86AC-4249-4953-8334-7747746769ED}.Debug|x64.Build.0 = Debug|Any CPU
		{667E86AC-4249-4953-8334-7747746769ED}.Debug|x86.ActiveCfg = Debug|Any CPU
		{667E86AC-4249-4953-8334-7747746769ED}.Debug|x86.Build.0 = Debug|Any CPU
		{667E86AC-4249-4953-8334-7747746769ED}.Release|Any CPU.ActiveCfg = Release|Any CPU
		{667E86AC-4249-4953-8334-7747746769ED}.Release|Any CPU.Build.0 = Release|Any CPU
		{667E86AC-4249-4953-8334-7747746769ED}.Release|x64.ActiveCfg = Release|Any CPU
		{667E86AC-4249-4953-8334-7747746769ED}.Release|x64.Build.0 = Release|Any CPU
		{667E86AC-4249-4953-8334-7747746769ED}.Release|x86.ActiveCfg = Release|Any CPU
		{667E86AC-4249-4953-8334-7747746769ED}.Release|x86.Build.0 = Release|Any CPU
		{3DCC2108-7ABE-4C3D-91B4-5E2542071999}.Debug|Any CPU.ActiveCfg = Debug|Any CPU
		{3DCC2108-7ABE-4C3D-91B4-5E2542071999}.Debug|Any CPU.Build.0 = Debug|Any CPU
		{3DCC2108-7ABE-4C3D-91B4-5E2542071999}.Debug|x64.ActiveCfg = Debug|Any CPU
		{3DCC2108-7ABE-4C3D-91B4-5E2542071999}.Debug|x64.Build.0 = Debug|Any CPU
		{3DCC2108-7ABE-4C3D-91B4-5E2542071999}.Debug|x86.ActiveCfg = Debug|Any CPU
		{3DCC2108-7ABE-4C3D-91B4-5E2542071999}.Debug|x86.Build.0 = Debug|Any CPU
		{3DCC2108-7ABE-4C3D-91B4-5E2542071999}.Release|Any CPU.ActiveCfg = Release|Any CPU
		{3DCC2108-7ABE-4C3D-91B4-5E2542071999}.Release|Any CPU.Build.0 = Release|Any CPU
		{3DCC2108-7ABE-4C3D-91B4-5E2542071999}.Release|x64.ActiveCfg = Release|Any CPU
		{3DCC2108-7ABE-4C3D-91B4-5E2542071999}.Release|x64.Build.0 = Release|Any CPU
		{3DCC2108-7ABE-4C3D-91B4-5E2542071999}.Release|x86.ActiveCfg = Release|Any CPU
		{3DCC2108-7ABE-4C3D-91B4-5E2542071999}.Release|x86.Build.0 = Release|Any CPU
	EndGlobalSection
	GlobalSection(SolutionProperties) = preSolution
		HideSolutionNode = FALSE
	EndGlobalSection
	GlobalSection(ExtensibilityGlobals) = postSolution
		SolutionGuid = {8381DC40-76D1-4256-83AA-A1FC662E7C7A}
	EndGlobalSection
EndGlobal
